
Microsoft Visual Studio Solution File, Format Version 12.00
# Visual Studio 2017
Project("{FAE04EC0-301F-11D3-BF4B-00C04F79EFBC}") = "MuseRecieveTest2", "MuseRecieveTest2.csproj", "{EA162A8A-602F-610D-92A3-3F879282F1C1}"
EndProject
Project("{FAE04EC0-301F-11D3-BF4B-00C04F79EFBC}") = "com.unity.package-manager-ui.Editor", "com.unity.package-manager-ui.Editor.csproj", "{D6D748A5-0B92-CB91-5DCC-3A82DAD28C54}"
EndProject
Project("{FAE04EC0-301F-11D3-BF4B-00C04F79EFBC}") = "MuseRecieveTest2.Editor", "MuseRecieveTest2.Editor.csproj", "{BAC98249-34ED-8050-3AE7-80D76083B58B}"
EndProject
Global
	GlobalSection(SolutionConfigurationPlatforms) = preSolution
		Debug|Any CPU = Debug|Any CPU
		Release|Any CPU = Release|Any CPU
	EndGlobalSection
	GlobalSection(ProjectConfigurationPlatforms) = postSolution
		{EA162A8A-602F-610D-92A3-3F879282F1C1}.Debug|Any CPU.ActiveCfg = Debug|Any CPU
		{EA162A8A-602F-610D-92A3-3F879282F1C1}.Debug|Any CPU.Build.0 = Debug|Any CPU
		{EA162A8A-602F-610D-92A3-3F879282F1C1}.Release|Any CPU.ActiveCfg = Release|Any CPU
		{EA162A8A-602F-610D-92A3-3F879282F1C1}.Release|Any CPU.Build.0 = Release|Any CPU
		{D6D748A5-0B92-CB91-5DCC-3A82DAD28C54}.Debug|Any CPU.ActiveCfg = Debug|Any CPU
		{D6D748A5-0B92-CB91-5DCC-3A82DAD28C54}.Debug|Any CPU.Build.0 = Debug|Any CPU
		{D6D748A5-0B92-CB91-5DCC-3A82DAD28C54}.Release|Any CPU.ActiveCfg = Release|Any CPU
		{D6D748A5-0B92-CB91-5DCC-3A82DAD28C54}.Release|Any CPU.Build.0 = Release|Any CPU
		{BAC98249-34ED-8050-3AE7-80D76083B58B}.Debug|Any CPU.ActiveCfg = Debug|Any CPU
		{BAC98249-34ED-8050-3AE7-80D76083B58B}.Debug|Any CPU.Build.0 = Debug|Any CPU
		{BAC98249-34ED-8050-3AE7-80D76083B58B}.Release|Any CPU.ActiveCfg = Release|Any CPU
		{BAC98249-34ED-8050-3AE7-80D76083B58B}.Release|Any CPU.Build.0 = Release|Any CPU
	EndGlobalSection
	GlobalSection(SolutionProperties) = preSolution
		HideSolutionNode = FALSE
	EndGlobalSection
EndGlobal
