
Microsoft Visual Studio Solution File, Format Version 11.00
# Visual Studio 2010
Project("{FAE04EC0-301F-11D3-BF4B-00C04F79EFBC}") = "Not_a_Pill_The_Game", "Assembly-CSharp.csproj", "{68049C06-B31C-F193-7A9F-8201D22AF19D}"
EndProject
Project("{FAE04EC0-301F-11D3-BF4B-00C04F79EFBC}") = "Not_a_Pill_The_Game", "Assembly-CSharp-Editor.csproj", "{B545410F-2DAB-74C9-C4B1-5B21DDDE2B13}"
EndProject
Global
	GlobalSection(SolutionConfigurationPlatforms) = preSolution
		Debug|Any CPU = Debug|Any CPU
		Release|Any CPU = Release|Any CPU
	EndGlobalSection
	GlobalSection(ProjectConfigurationPlatforms) = postSolution
		{68049C06-B31C-F193-7A9F-8201D22AF19D}.Debug|Any CPU.ActiveCfg = Debug|Any CPU
		{68049C06-B31C-F193-7A9F-8201D22AF19D}.Debug|Any CPU.Build.0 = Debug|Any CPU
		{68049C06-B31C-F193-7A9F-8201D22AF19D}.Release|Any CPU.ActiveCfg = Release|Any CPU
		{68049C06-B31C-F193-7A9F-8201D22AF19D}.Release|Any CPU.Build.0 = Release|Any CPU
		{B545410F-2DAB-74C9-C4B1-5B21DDDE2B13}.Debug|Any CPU.ActiveCfg = Debug|Any CPU
		{B545410F-2DAB-74C9-C4B1-5B21DDDE2B13}.Debug|Any CPU.Build.0 = Debug|Any CPU
		{B545410F-2DAB-74C9-C4B1-5B21DDDE2B13}.Release|Any CPU.ActiveCfg = Release|Any CPU
		{B545410F-2DAB-74C9-C4B1-5B21DDDE2B13}.Release|Any CPU.Build.0 = Release|Any CPU
	EndGlobalSection
	GlobalSection(SolutionProperties) = preSolution
		HideSolutionNode = FALSE
	EndGlobalSection
	GlobalSection(MonoDevelopProperties) = preSolution
		StartupItem = Assembly-CSharp.csproj
	EndGlobalSection
EndGlobal
